
Microsoft Visual Studio Solution File, Format Version 12.00
# Visual Studio Version 17
VisualStudioVersion = 17.5.33424.131
MinimumVisualStudioVersion = 10.0.40219.1
Project("{FAE04EC0-301F-11D3-BF4B-00C04F79EFBC}") = "ProcessManipulation", "ProcessManipulation\ProcessManipulation.csproj", "{D557C71D-9EB3-4ED9-95B7-A79610C114A5}"
EndProject
Project("{FAE04EC0-301F-11D3-BF4B-00C04F79EFBC}") = "ChildProcess1", "ChildProcess1\ChildProcess1.csproj", "{2D03E17A-426F-4A82-80F6-AD3D0C0E1837}"
EndProject
Project("{FAE04EC0-301F-11D3-BF4B-00C04F79EFBC}") = "ChildProcess2", "ChildProcess2\ChildProcess2.csproj", "{9347ED88-08CB-4892-B1FF-7A7752A1B9C2}"
EndProject
Global
	GlobalSection(SolutionConfigurationPlatforms) = preSolution
		Debug|Any CPU = Debug|Any CPU
		Release|Any CPU = Release|Any CPU
	EndGlobalSection
	GlobalSection(ProjectConfigurationPlatforms) = postSolution
		{D557C71D-9EB3-4ED9-95B7-A79610C114A5}.Debug|Any CPU.ActiveCfg = Debug|Any CPU
		{D557C71D-9EB3-4ED9-95B7-A79610C114A5}.Debug|Any CPU.Build.0 = Debug|Any CPU
		{D557C71D-9EB3-4ED9-95B7-A79610C114A5}.Release|Any CPU.ActiveCfg = Release|Any CPU
		{D557C71D-9EB3-4ED9-95B7-A79610C114A5}.Release|Any CPU.Build.0 = Release|Any CPU
		{2D03E17A-426F-4A82-80F6-AD3D0C0E1837}.Debug|Any CPU.ActiveCfg = Debug|Any CPU
		{2D03E17A-426F-4A82-80F6-AD3D0C0E1837}.Debug|Any CPU.Build.0 = Debug|Any CPU
		{2D03E17A-426F-4A82-80F6-AD3D0C0E1837}.Release|Any CPU.ActiveCfg = Release|Any CPU
		{2D03E17A-426F-4A82-80F6-AD3D0C0E1837}.Release|Any CPU.Build.0 = Release|Any CPU
		{9347ED88-08CB-4892-B1FF-7A7752A1B9C2}.Debug|Any CPU.ActiveCfg = Debug|Any CPU
		{9347ED88-08CB-4892-B1FF-7A7752A1B9C2}.Debug|Any CPU.Build.0 = Debug|Any CPU
		{9347ED88-08CB-4892-B1FF-7A7752A1B9C2}.Release|Any CPU.ActiveCfg = Release|Any CPU
		{9347ED88-08CB-4892-B1FF-7A7752A1B9C2}.Release|Any CPU.Build.0 = Release|Any CPU
	EndGlobalSection
	GlobalSection(SolutionProperties) = preSolution
		HideSolutionNode = FALSE
	EndGlobalSection
	GlobalSection(ExtensibilityGlobals) = postSolution
		SolutionGuid = {A1BBACED-F5BF-4604-BFB5-CDCEE6739626}
	EndGlobalSection
EndGlobal
